// !$*UTF8*$!
{
	archiveVersion = 1;
	classes = {
	};
	objectVersion = 46;
	objects = {

/* Begin PBXBuildFile section */
		D7BDB83A1AD84C84001A9F01 /* main.cpp in Sources */ = {isa = PBXBuildFile; fileRef = D7BDB8391AD84C84001A9F01 /* main.cpp */; };
		D7BDB8421AD84E4B001A9F01 /* Rational.cpp in Sources */ = {isa = PBXBuildFile; fileRef = D7BDB8401AD84E4B001A9F01 /* Rational.cpp */; };
/* End PBXBuildFile section */

/* Begin PBXCopyFilesBuildPhase section */
		D7BDB8341AD84C84001A9F01 /* CopyFiles */ = {
			isa = PBXCopyFilesBuildPhase;
			buildActionMask = 2147483647;
			dstPath = /usr/share/man/man1/;
			dstSubfolderSpec = 0;
			files = (
			);
			runOnlyForDeploymentPostprocessing = 1;
		};
/* End PBXCopyFilesBuildPhase section */

/* Begin PBXFileReference section */
		D7BDB8361AD84C84001A9F01 /* rec10 */ = {isa = PBXFileReference; explicitFileType = "compiled.mach-o.executable"; includeInIndex = 0; path = rec10; sourceTree = BUILT_PRODUCTS_DIR; };
		D7BDB8391AD84C84001A9F01 /* main.cpp */ = {isa = PBXFileReference; lastKnownFileType = sourcecode.cpp.cpp; path = main.cpp; sourceTree = "<group>"; };
		D7BDB8401AD84E4B001A9F01 /* Rational.cpp */ = {isa = PBXFileReference; fileEncoding = 4; lastKnownFileType = sourcecode.cpp.cpp; path = Rational.cpp; sourceTree = "<group>"; };
		D7BDB8411AD84E4B001A9F01 /* Rational.h */ = {isa = PBXFileReference; fileEncoding = 4; lastKnownFileType = sourcecode.c.h; path = Rational.h; sourceTree = "<group>"; };
/* End PBXFileReference section */

/* Begin PBXFrameworksBuildPhase section */
		D7BDB8331AD84C84001A9F01 /* Frameworks */ = {
			isa = PBXFrameworksBuildPhase;
			buildActionMask = 2147483647;
			files = (
			);
			runOnlyForDeploymentPostprocessing = 0;
		};
/* End PBXFrameworksBuildPhase section */

/* Begin PBXGroup section */
		D7BDB82D1AD84C84001A9F01 = {
			isa = PBXGroup;
			children = (
				D7BDB8381AD84C84001A9F01 /* rec10 */,
				D7BDB8371AD84C84001A9F01 /* Products */,
			);
			sourceTree = "<group>";
		};
		D7BDB8371AD84C84001A9F01 /* Products */ = {
			isa = PBXGroup;
			children = (
				D7BDB8361AD84C84001A9F01 /* rec10 */,
			);
			name = Products;
			sourceTree = "<group>";
		};
		D7BDB8381AD84C84001A9F01 /* rec10 */ = {
			isa = PBXGroup;
			children = (
				D7BDB8391AD84C84001A9F01 /* main.cpp */,
				D7BDB8411AD84E4B001A9F01 /* Rational.h */,
				D7BDB8401AD84E4B001A9F01 /* Rational.cpp */,
			);
			path = rec10;
			sourceTree = "<group>";
		};
/* End PBXGroup section */

/* Begin PBXNativeTarget section */
		D7BDB8351AD84C84001A9F01 /* rec10 */ = {
			isa = PBXNativeTarget;
			buildConfigurationList = D7BDB83D1AD84C84001A9F01 /* Build configuration list for PBXNativeTarget "rec10" */;
			buildPhases = (
				D7BDB8321AD84C84001A9F01 /* Sources */,
				D7BDB8331AD84C84001A9F01 /* Frameworks */,
				D7BDB8341AD84C84001A9F01 /* CopyFiles */,
			);
			buildRules = (
			);
			dependencies = (
			);
			name = rec10;
			productName = rec10;
			productReference = D7BDB8361AD84C84001A9F01 /* rec10 */;
			productType = "com.apple.product-type.tool";
		};
/* End PBXNativeTarget section */

/* Begin PBXProject section */
		D7BDB82E1AD84C84001A9F01 /* Project object */ = {
			isa = PBXProject;
			attributes = {
				LastUpgradeCheck = 0620;
				ORGANIZATIONNAME = "Adam Bouzourene";
				TargetAttributes = {
					D7BDB8351AD84C84001A9F01 = {
						CreatedOnToolsVersion = 6.2;
					};
				};
			};
			buildConfigurationList = D7BDB8311AD84C84001A9F01 /* Build configuration list for PBXProject "rec10" */;
			compatibilityVersion = "Xcode 3.2";
			developmentRegion = English;
			hasScannedForEncodings = 0;
			knownRegions = (
				en,
			);
			mainGroup = D7BDB82D1AD84C84001A9F01;
			productRefGroup = D7BDB8371AD84C84001A9F01 /* Products */;
			projectDirPath = "";
			projectRoot = "";
			targets = (
				D7BDB8351AD84C84001A9F01 /* rec10 */,
			);
		};
/* End PBXProject section */

/* Begin PBXSourcesBuildPhase section */
		D7BDB8321AD84C84001A9F01 /* Sources */ = {
			isa = PBXSourcesBuildPhase;
			buildActionMask = 2147483647;
			files = (
				D7BDB83A1AD84C84001A9F01 /* main.cpp in Sources */,
				D7BDB8421AD84E4B001A9F01 /* Rational.cpp in Sources */,
			);
			runOnlyForDeploymentPostprocessing = 0;
		};
/* End PBXSourcesBuildPhase section */

/* Begin XCBuildConfiguration section */
		D7BDB83B1AD84C84001A9F01 /* Debug */ = {
			isa = XCBuildConfiguration;
			buildSettings = {
				ALWAYS_SEARCH_USER_PATHS = NO;
				CLANG_CXX_LANGUAGE_STANDARD = "gnu++0x";
				CLANG_CXX_LIBRARY = "libc++";
				CLANG_ENABLE_MODULES = YES;
				CLANG_ENABLE_OBJC_ARC = YES;
				CLANG_WARN_BOOL_CONVERSION = YES;
				CLANG_WARN_CONSTANT_CONVERSION = YES;
				CLANG_WARN_DIRECT_OBJC_ISA_USAGE = YES_ERROR;
				CLANG_WARN_EMPTY_BODY = YES;
				CLANG_WARN_ENUM_CONVERSION = YES;
				CLANG_WARN_INT_CONVERSION = YES;
				CLANG_WARN_OBJC_ROOT_CLASS = YES_ERROR;
				CLANG_WARN_UNREACHABLE_CODE = YES;
				CLANG_WARN__DUPLICATE_METHOD_MATCH = YES;
				COPY_PHASE_STRIP = NO;
				ENABLE_STRICT_OBJC_MSGSEND = YES;
				GCC_C_LANGUAGE_STANDARD = gnu99;
				GCC_DYNAMIC_NO_PIC = NO;
				GCC_OPTIMIZATION_LEVEL = 0;
				GCC_PREPROCESSOR_DEFINITIONS = (
					"DEBUG=1",
					"$(inherited)",
				);
				GCC_SYMBOLS_PRIVATE_EXTERN = NO;
				GCC_WARN_64_TO_32_BIT_CONVERSION = YES;
				GCC_WARN_ABOUT_RETURN_TYPE = YES_ERROR;
				GCC_WARN_UNDECLARED_SELECTOR = YES;
				GCC_WARN_UNINITIALIZED_AUTOS = YES_AGGRESSIVE;
				GCC_WARN_UNUSED_FUNCTION = YES;
				GCC_WARN_UNUSED_VARIABLE = YES;
				MACOSX_DEPLOYMENT_TARGET = 10.10;
				MTL_ENABLE_DEBUG_INFO = YES;
				ONLY_ACTIVE_ARCH = YES;
				SDKROOT = macosx;
			};
			name = Debug;
		};
		D7BDB83C1AD84C84001A9F01 /* Release */ = {
			isa = XCBuildConfiguration;
			buildSettings = {
				ALWAYS_SEARCH_USER_PATHS = NO;
				CLANG_CXX_LANGUAGE_STANDARD = "gnu++0x";
				CLANG_CXX_LIBRARY = "libc++";
				CLANG_ENABLE_MODULES = YES;
				CLANG_ENABLE_OBJC_ARC = YES;
				CLANG_WARN_BOOL_CONVERSION = YES;
				CLANG_WARN_CONSTANT_CONVERSION = YES;
				CLANG_WARN_DIRECT_OBJC_ISA_USAGE = YES_ERROR;
				CLANG_WARN_EMPTY_BODY = YES;
				CLANG_WARN_ENUM_CONVERSION = YES;
				CLANG_WARN_INT_CONVERSION = YES;
				CLANG_WARN_OBJC_ROOT_CLASS = YES_ERROR;
				CLANG_WARN_UNREACHABLE_CODE = YES;
				CLANG_WARN__DUPLICATE_METHOD_MATCH = YES;
				COPY_PHASE_STRIP = NO;
				DEBUG_INFORMATION_FORMAT = "dwarf-with-dsym";
				ENABLE_NS_ASSERTIONS = NO;
				ENABLE_STRICT_OBJC_MSGSEND = YES;
				GCC_C_LANGUAGE_STANDARD = gnu99;
				GCC_WARN_64_TO_32_BIT_CONVERSION = YES;
				GCC_WARN_ABOUT_RETURN_TYPE = YES_ERROR;
				GCC_WARN_UNDECLARED_SELECTOR = YES;
				GCC_WARN_UNINITIALIZED_AUTOS = YES_AGGRESSIVE;
				GCC_WARN_UNUSED_FUNCTION = YES;
				GCC_WARN_UNUSED_VARIABLE = YES;
				MACOSX_DEPLOYMENT_TARGET = 10.10;
				MTL_ENABLE_DEBUG_INFO = NO;
				SDKROOT = macosx;
			};
			name = Release;
		};
		D7BDB83E1AD84C84001A9F01 /* Debug */ = {
			isa = XCBuildConfiguration;
			buildSettings = {
				PRODUCT_NAME = "$(TARGET_NAME)";
			};
			name = Debug;
		};
		D7BDB83F1AD84C84001A9F01 /* Release */ = {
			isa = XCBuildConfiguration;
			buildSettings = {
				PRODUCT_NAME = "$(TARGET_NAME)";
			};
			name = Release;
		};
/* End XCBuildConfiguration section */

/* Begin XCConfigurationList section */
		D7BDB8311AD84C84001A9F01 /* Build configuration list for PBXProject "rec10" */ = {
			isa = XCConfigurationList;
			buildConfigurations = (
				D7BDB83B1AD84C84001A9F01 /* Debug */,
				D7BDB83C1AD84C84001A9F01 /* Release */,
			);
			defaultConfigurationIsVisible = 0;
			defaultConfigurationName = Release;
		};
		D7BDB83D1AD84C84001A9F01 /* Build configuration list for PBXNativeTarget "rec10" */ = {
			isa = XCConfigurationList;
			buildConfigurations = (
				D7BDB83E1AD84C84001A9F01 /* Debug */,
				D7BDB83F1AD84C84001A9F01 /* Release */,
			);
			defaultConfigurationIsVisible = 0;
		};
/* End XCConfigurationList section */
	};
	rootObject = D7BDB82E1AD84C84001A9F01 /* Project object */;
}
